
Microsoft Visual Studio Solution File, Format Version 12.00
# Visual Studio 14
VisualStudioVersion = 14.0.22310.1
MinimumVisualStudioVersion = 10.0.40219.1
Project("{FAE04EC0-301F-11D3-BF4B-00C04F79EFBC}") = "打牌", "打牌\打牌.csproj", "{588DE8ED-EBC4-4A04-AE8E-9FB1F4BDB4BD}"
EndProject
Global
	GlobalSection(SolutionConfigurationPlatforms) = preSolution
		Debug|Any CPU = Debug|Any CPU
		Release|Any CPU = Release|Any CPU
	EndGlobalSection
	GlobalSection(ProjectConfigurationPlatforms) = postSolution
		{588DE8ED-EBC4-4A04-AE8E-9FB1F4BDB4BD}.Debug|Any CPU.ActiveCfg = Debug|Any CPU
		{588DE8ED-EBC4-4A04-AE8E-9FB1F4BDB4BD}.Debug|Any CPU.Build.0 = Debug|Any CPU
		{588DE8ED-EBC4-4A04-AE8E-9FB1F4BDB4BD}.Release|Any CPU.ActiveCfg = Release|Any CPU
		{588DE8ED-EBC4-4A04-AE8E-9FB1F4BDB4BD}.Release|Any CPU.Build.0 = Release|Any CPU
	EndGlobalSection
	GlobalSection(SolutionProperties) = preSolution
		HideSolutionNode = FALSE
	EndGlobalSection
EndGlobal
